
Microsoft Visual Studio Solution File, Format Version 12.00
# Visual Studio Version 17
VisualStudioVersion = 17.14.36212.18 d17.14
MinimumVisualStudioVersion = 10.0.40219.1
Project("{FAE04EC0-301F-11D3-BF4B-00C04F79EFBC}") = "WSConvertisseur", "WSConvertisseur\WSConvertisseur.csproj", "{16A8223B-3E9D-4302-8B17-01AB1F3A4805}"
EndProject
Global
	GlobalSection(SolutionConfigurationPlatforms) = preSolution
		Debug|Any CPU = Debug|Any CPU
		Release|Any CPU = Release|Any CPU
	EndGlobalSection
	GlobalSection(ProjectConfigurationPlatforms) = postSolution
		{16A8223B-3E9D-4302-8B17-01AB1F3A4805}.Debug|Any CPU.ActiveCfg = Debug|Any CPU
		{16A8223B-3E9D-4302-8B17-01AB1F3A4805}.Debug|Any CPU.Build.0 = Debug|Any CPU
		{16A8223B-3E9D-4302-8B17-01AB1F3A4805}.Release|Any CPU.ActiveCfg = Release|Any CPU
		{16A8223B-3E9D-4302-8B17-01AB1F3A4805}.Release|Any CPU.Build.0 = Release|Any CPU
	EndGlobalSection
	GlobalSection(SolutionProperties) = preSolution
		HideSolutionNode = FALSE
	EndGlobalSection
	GlobalSection(ExtensibilityGlobals) = postSolution
		SolutionGuid = {1E6F1CBE-8827-488B-BC7C-F7C0C5371AE2}
	EndGlobalSection
EndGlobal
